
Microsoft Visual Studio Solution File, Format Version 11.00
# Visual Studio 2010
Project("{FAE04EC0-301F-11D3-BF4B-00C04F79EFBC}") = "Assembly-CSharp", "Assembly-CSharp.csproj", "{F5BF37F0-102A-F8A3-2BB5-D87DF9FC6390}"
EndProject
Project("{FAE04EC0-301F-11D3-BF4B-00C04F79EFBC}") = "MacBLAS", "MacBLAS.csproj", "{C3350513-D057-7E16-2F03-31F48E89956C}"
EndProject
Project("{FAE04EC0-301F-11D3-BF4B-00C04F79EFBC}") = "iOSBLAS", "iOSBLAS.csproj", "{C796CEEE-7B31-5A3B-D666-491BE2EE6CB2}"
EndProject
Project("{FAE04EC0-301F-11D3-BF4B-00C04F79EFBC}") = "Assembly-CSharp-Editor", "Assembly-CSharp-Editor.csproj", "{468A6C77-1DB3-014D-5534-960258624871}"
EndProject
Global
	GlobalSection(SolutionConfigurationPlatforms) = preSolution
		Debug|Any CPU = Debug|Any CPU
		Release|Any CPU = Release|Any CPU
	EndGlobalSection
	GlobalSection(ProjectConfigurationPlatforms) = postSolution
		{F5BF37F0-102A-F8A3-2BB5-D87DF9FC6390}.Debug|Any CPU.ActiveCfg = Debug|Any CPU
		{F5BF37F0-102A-F8A3-2BB5-D87DF9FC6390}.Debug|Any CPU.Build.0 = Debug|Any CPU
		{F5BF37F0-102A-F8A3-2BB5-D87DF9FC6390}.Release|Any CPU.ActiveCfg = Release|Any CPU
		{F5BF37F0-102A-F8A3-2BB5-D87DF9FC6390}.Release|Any CPU.Build.0 = Release|Any CPU
		{C3350513-D057-7E16-2F03-31F48E89956C}.Debug|Any CPU.ActiveCfg = Debug|Any CPU
		{C3350513-D057-7E16-2F03-31F48E89956C}.Debug|Any CPU.Build.0 = Debug|Any CPU
		{C3350513-D057-7E16-2F03-31F48E89956C}.Release|Any CPU.ActiveCfg = Release|Any CPU
		{C3350513-D057-7E16-2F03-31F48E89956C}.Release|Any CPU.Build.0 = Release|Any CPU
		{C796CEEE-7B31-5A3B-D666-491BE2EE6CB2}.Debug|Any CPU.ActiveCfg = Debug|Any CPU
		{C796CEEE-7B31-5A3B-D666-491BE2EE6CB2}.Debug|Any CPU.Build.0 = Debug|Any CPU
		{C796CEEE-7B31-5A3B-D666-491BE2EE6CB2}.Release|Any CPU.ActiveCfg = Release|Any CPU
		{C796CEEE-7B31-5A3B-D666-491BE2EE6CB2}.Release|Any CPU.Build.0 = Release|Any CPU
		{468A6C77-1DB3-014D-5534-960258624871}.Debug|Any CPU.ActiveCfg = Debug|Any CPU
		{468A6C77-1DB3-014D-5534-960258624871}.Debug|Any CPU.Build.0 = Debug|Any CPU
		{468A6C77-1DB3-014D-5534-960258624871}.Release|Any CPU.ActiveCfg = Release|Any CPU
		{468A6C77-1DB3-014D-5534-960258624871}.Release|Any CPU.Build.0 = Release|Any CPU
	EndGlobalSection
	GlobalSection(SolutionProperties) = preSolution
		HideSolutionNode = FALSE
	EndGlobalSection
EndGlobal
